<?xml version="1.0" encoding="utf-8"?>
<Project ToolsVersion="17.0" xmlns="http://schemas.microsoft.com/developer/msbuild/2003">
  <ItemGroup>
    <ClCompile Include="C:\OCCT-Build\OCCT\src\XmlXCAFDrivers\XmlXCAFDrivers.cxx">
      <Filter>Source Files\XmlXCAFDrivers</Filter>
    </ClCompile>
    <ClCompile Include="C:\OCCT-Build\OCCT\src\XmlXCAFDrivers\XmlXCAFDrivers_DocumentRetrievalDriver.cxx">
      <Filter>Source Files\XmlXCAFDrivers</Filter>
    </ClCompile>
    <ClCompile Include="C:\OCCT-Build\OCCT\src\XmlXCAFDrivers\XmlXCAFDrivers_DocumentStorageDriver.cxx">
      <Filter>Source Files\XmlXCAFDrivers</Filter>
    </ClCompile>
    <ClCompile Include="C:\OCCT-Build\OCCT\src\XmlMXCAFDoc\XmlMXCAFDoc.cxx">
      <Filter>Source Files\XmlMXCAFDoc</Filter>
    </ClCompile>
    <ClCompile Include="C:\OCCT-Build\OCCT\src\XmlMXCAFDoc\XmlMXCAFDoc_AssemblyItemRefDriver.cxx">
      <Filter>Source Files\XmlMXCAFDoc</Filter>
    </ClCompile>
    <ClCompile Include="C:\OCCT-Build\OCCT\src\XmlMXCAFDoc\XmlMXCAFDoc_CentroidDriver.cxx">
      <Filter>Source Files\XmlMXCAFDoc</Filter>
    </ClCompile>
    <ClCompile Include="C:\OCCT-Build\OCCT\src\XmlMXCAFDoc\XmlMXCAFDoc_ColorDriver.cxx">
      <Filter>Source Files\XmlMXCAFDoc</Filter>
    </ClCompile>
    <ClCompile Include="C:\OCCT-Build\OCCT\src\XmlMXCAFDoc\XmlMXCAFDoc_DatumDriver.cxx">
      <Filter>Source Files\XmlMXCAFDoc</Filter>
    </ClCompile>
    <ClCompile Include="C:\OCCT-Build\OCCT\src\XmlMXCAFDoc\XmlMXCAFDoc_DimTolDriver.cxx">
      <Filter>Source Files\XmlMXCAFDoc</Filter>
    </ClCompile>
    <ClCompile Include="C:\OCCT-Build\OCCT\src\XmlMXCAFDoc\XmlMXCAFDoc_GraphNodeDriver.cxx">
      <Filter>Source Files\XmlMXCAFDoc</Filter>
    </ClCompile>
    <ClCompile Include="C:\OCCT-Build\OCCT\src\XmlMXCAFDoc\XmlMXCAFDoc_LengthUnitDriver.cxx">
      <Filter>Source Files\XmlMXCAFDoc</Filter>
    </ClCompile>
    <ClCompile Include="C:\OCCT-Build\OCCT\src\XmlMXCAFDoc\XmlMXCAFDoc_LocationDriver.cxx">
      <Filter>Source Files\XmlMXCAFDoc</Filter>
    </ClCompile>
    <ClCompile Include="C:\OCCT-Build\OCCT\src\XmlMXCAFDoc\XmlMXCAFDoc_MaterialDriver.cxx">
      <Filter>Source Files\XmlMXCAFDoc</Filter>
    </ClCompile>
    <ClCompile Include="C:\OCCT-Build\OCCT\src\XmlMXCAFDoc\XmlMXCAFDoc_NoteDriver.cxx">
      <Filter>Source Files\XmlMXCAFDoc</Filter>
    </ClCompile>
    <ClCompile Include="C:\OCCT-Build\OCCT\src\XmlMXCAFDoc\XmlMXCAFDoc_NoteCommentDriver.cxx">
      <Filter>Source Files\XmlMXCAFDoc</Filter>
    </ClCompile>
    <ClCompile Include="C:\OCCT-Build\OCCT\src\XmlMXCAFDoc\XmlMXCAFDoc_NoteBinDataDriver.cxx">
      <Filter>Source Files\XmlMXCAFDoc</Filter>
    </ClCompile>
    <ClCompile Include="C:\OCCT-Build\OCCT\src\XmlMXCAFDoc\XmlMXCAFDoc_VisMaterialDriver.cxx">
      <Filter>Source Files\XmlMXCAFDoc</Filter>
    </ClCompile>
    <ClCompile Include="C:\OCCT-Build\OCCT\src\XmlMXCAFDoc\XmlMXCAFDoc_VisMaterialToolDriver.cxx">
      <Filter>Source Files\XmlMXCAFDoc</Filter>
    </ClCompile>
  </ItemGroup>
  <ItemGroup>
    <ClInclude Include="C:\OCCT-Build\OCCT\src\XmlXCAFDrivers\XmlXCAFDrivers.hxx">
      <Filter>Header Files\XmlXCAFDrivers</Filter>
    </ClInclude>
    <ClInclude Include="C:\OCCT-Build\OCCT\src\XmlXCAFDrivers\XmlXCAFDrivers_DocumentRetrievalDriver.hxx">
      <Filter>Header Files\XmlXCAFDrivers</Filter>
    </ClInclude>
    <ClInclude Include="C:\OCCT-Build\OCCT\src\XmlXCAFDrivers\XmlXCAFDrivers_DocumentStorageDriver.hxx">
      <Filter>Header Files\XmlXCAFDrivers</Filter>
    </ClInclude>
    <ClInclude Include="C:\OCCT-Build\OCCT\src\XmlMXCAFDoc\XmlMXCAFDoc.hxx">
      <Filter>Header Files\XmlMXCAFDoc</Filter>
    </ClInclude>
    <ClInclude Include="C:\OCCT-Build\OCCT\src\XmlMXCAFDoc\XmlMXCAFDoc_AssemblyItemRefDriver.hxx">
      <Filter>Header Files\XmlMXCAFDoc</Filter>
    </ClInclude>
    <ClInclude Include="C:\OCCT-Build\OCCT\src\XmlMXCAFDoc\XmlMXCAFDoc_CentroidDriver.hxx">
      <Filter>Header Files\XmlMXCAFDoc</Filter>
    </ClInclude>
    <ClInclude Include="C:\OCCT-Build\OCCT\src\XmlMXCAFDoc\XmlMXCAFDoc_ColorDriver.hxx">
      <Filter>Header Files\XmlMXCAFDoc</Filter>
    </ClInclude>
    <ClInclude Include="C:\OCCT-Build\OCCT\src\XmlMXCAFDoc\XmlMXCAFDoc_DatumDriver.hxx">
      <Filter>Header Files\XmlMXCAFDoc</Filter>
    </ClInclude>
    <ClInclude Include="C:\OCCT-Build\OCCT\src\XmlMXCAFDoc\XmlMXCAFDoc_DimTolDriver.hxx">
      <Filter>Header Files\XmlMXCAFDoc</Filter>
    </ClInclude>
    <ClInclude Include="C:\OCCT-Build\OCCT\src\XmlMXCAFDoc\XmlMXCAFDoc_GraphNodeDriver.hxx">
      <Filter>Header Files\XmlMXCAFDoc</Filter>
    </ClInclude>
    <ClInclude Include="C:\OCCT-Build\OCCT\src\XmlMXCAFDoc\XmlMXCAFDoc_LengthUnitDriver.hxx">
      <Filter>Header Files\XmlMXCAFDoc</Filter>
    </ClInclude>
    <ClInclude Include="C:\OCCT-Build\OCCT\src\XmlMXCAFDoc\XmlMXCAFDoc_LocationDriver.hxx">
      <Filter>Header Files\XmlMXCAFDoc</Filter>
    </ClInclude>
    <ClInclude Include="C:\OCCT-Build\OCCT\src\XmlMXCAFDoc\XmlMXCAFDoc_MaterialDriver.hxx">
      <Filter>Header Files\XmlMXCAFDoc</Filter>
    </ClInclude>
    <ClInclude Include="C:\OCCT-Build\OCCT\src\XmlMXCAFDoc\XmlMXCAFDoc_NoteDriver.hxx">
      <Filter>Header Files\XmlMXCAFDoc</Filter>
    </ClInclude>
    <ClInclude Include="C:\OCCT-Build\OCCT\src\XmlMXCAFDoc\XmlMXCAFDoc_NoteCommentDriver.hxx">
      <Filter>Header Files\XmlMXCAFDoc</Filter>
    </ClInclude>
    <ClInclude Include="C:\OCCT-Build\OCCT\src\XmlMXCAFDoc\XmlMXCAFDoc_NoteBinDataDriver.hxx">
      <Filter>Header Files\XmlMXCAFDoc</Filter>
    </ClInclude>
    <ClInclude Include="C:\OCCT-Build\OCCT\src\XmlMXCAFDoc\XmlMXCAFDoc_VisMaterialDriver.hxx">
      <Filter>Header Files\XmlMXCAFDoc</Filter>
    </ClInclude>
    <ClInclude Include="C:\OCCT-Build\OCCT\src\XmlMXCAFDoc\XmlMXCAFDoc_VisMaterialToolDriver.hxx">
      <Filter>Header Files\XmlMXCAFDoc</Filter>
    </ClInclude>
  </ItemGroup>
  <ItemGroup>
    <None Include="C:\OCCT-Build\OCCT\src\XmlMXCAFDoc\XmlMXCAFDoc_LocationDriver.lxx">
      <Filter>Header Files\XmlMXCAFDoc</Filter>
    </None>
  </ItemGroup>
  <ItemGroup>
    <ResourceCompile Include="C:\OCCT-Build\Builds\resources\TKXmlXCAF.rc">
      <Filter>Source Files</Filter>
    </ResourceCompile>
  </ItemGroup>
  <ItemGroup>
    <Filter Include="Header Files">
      <UniqueIdentifier>{E58292C4-2438-3ADD-B6A2-25E7E59560E4}</UniqueIdentifier>
    </Filter>
    <Filter Include="Header Files\XmlMXCAFDoc">
      <UniqueIdentifier>{0C92178C-91DF-3831-A11E-2E8DAAE66EB7}</UniqueIdentifier>
    </Filter>
    <Filter Include="Header Files\XmlXCAFDrivers">
      <UniqueIdentifier>{FDA029E6-138C-3EE6-A731-F133ABE24136}</UniqueIdentifier>
    </Filter>
    <Filter Include="Source Files">
      <UniqueIdentifier>{9802520C-19DB-3B97-9E72-2556095EDE50}</UniqueIdentifier>
    </Filter>
    <Filter Include="Source Files\XmlMXCAFDoc">
      <UniqueIdentifier>{BB7FE94D-575A-394A-BF49-6433FEDDF23A}</UniqueIdentifier>
    </Filter>
    <Filter Include="Source Files\XmlXCAFDrivers">
      <UniqueIdentifier>{487C5158-B904-35E4-A8ED-97D84FB4B4BE}</UniqueIdentifier>
    </Filter>
  </ItemGroup>
</Project>
